
Microsoft Visual Studio Solution File, Format Version 11.00
# Visual Studio 2010
Project("{FAE04EC0-301F-11D3-BF4B-00C04F79EFBC}") = "MyFavFoods", "MyFavFoods\MyFavFoods.csproj", "{CC1B2821-2AD6-476A-B542-AEC639478A05}"
EndProject
Project("{FAE04EC0-301F-11D3-BF4B-00C04F79EFBC}") = "Controls", "Controls\Controls.csproj", "{BDC7605E-4B2E-41B8-A5F6-4FBFD7651AC9}"
EndProject
Global
	GlobalSection(SolutionConfigurationPlatforms) = preSolution
		Debug|Any CPU = Debug|Any CPU
		Release|Any CPU = Release|Any CPU
	EndGlobalSection
	GlobalSection(ProjectConfigurationPlatforms) = postSolution
		{CC1B2821-2AD6-476A-B542-AEC639478A05}.Debug|Any CPU.ActiveCfg = Debug|Any CPU
		{CC1B2821-2AD6-476A-B542-AEC639478A05}.Debug|Any CPU.Build.0 = Debug|Any CPU
		{CC1B2821-2AD6-476A-B542-AEC639478A05}.Debug|Any CPU.Deploy.0 = Debug|Any CPU
		{CC1B2821-2AD6-476A-B542-AEC639478A05}.Release|Any CPU.ActiveCfg = Release|Any CPU
		{CC1B2821-2AD6-476A-B542-AEC639478A05}.Release|Any CPU.Build.0 = Release|Any CPU
		{CC1B2821-2AD6-476A-B542-AEC639478A05}.Release|Any CPU.Deploy.0 = Release|Any CPU
		{BDC7605E-4B2E-41B8-A5F6-4FBFD7651AC9}.Debug|Any CPU.ActiveCfg = Debug|Any CPU
		{BDC7605E-4B2E-41B8-A5F6-4FBFD7651AC9}.Debug|Any CPU.Build.0 = Debug|Any CPU
		{BDC7605E-4B2E-41B8-A5F6-4FBFD7651AC9}.Release|Any CPU.ActiveCfg = Release|Any CPU
		{BDC7605E-4B2E-41B8-A5F6-4FBFD7651AC9}.Release|Any CPU.Build.0 = Release|Any CPU
	EndGlobalSection
	GlobalSection(SolutionProperties) = preSolution
		HideSolutionNode = FALSE
	EndGlobalSection
EndGlobal
